
Microsoft Visual Studio Solution File, Format Version 12.00
# Visual Studio Version 17
VisualStudioVersion = 17.9.34728.123
MinimumVisualStudioVersion = 10.0.40219.1
Project("{FAE04EC0-301F-11D3-BF4B-00C04F79EFBC}") = "LexiLoom", "LexiLoom\LexiLoom.csproj", "{50A76C7C-AB77-453A-936A-A4D710B1F0BF}"
EndProject
Global
	GlobalSection(SolutionConfigurationPlatforms) = preSolution
		Debug|Any CPU = Debug|Any CPU
		Release|Any CPU = Release|Any CPU
	EndGlobalSection
	GlobalSection(ProjectConfigurationPlatforms) = postSolution
		{50A76C7C-AB77-453A-936A-A4D710B1F0BF}.Debug|Any CPU.ActiveCfg = Debug|Any CPU
		{50A76C7C-AB77-453A-936A-A4D710B1F0BF}.Debug|Any CPU.Build.0 = Debug|Any CPU
		{50A76C7C-AB77-453A-936A-A4D710B1F0BF}.Release|Any CPU.ActiveCfg = Release|Any CPU
		{50A76C7C-AB77-453A-936A-A4D710B1F0BF}.Release|Any CPU.Build.0 = Release|Any CPU
	EndGlobalSection
	GlobalSection(SolutionProperties) = preSolution
		HideSolutionNode = FALSE
	EndGlobalSection
	GlobalSection(ExtensibilityGlobals) = postSolution
		SolutionGuid = {91BAE0CE-5035-49DE-B481-E02811388D83}
	EndGlobalSection
EndGlobal
